
Microsoft Visual Studio Solution File, Format Version 12.00
# Visual Studio Version 16
VisualStudioVersion = 16.0.30309.148
MinimumVisualStudioVersion = 10.0.40219.1
Project("{FAE04EC0-301F-11D3-BF4B-00C04F79EFBC}") = "Lightyear_Software_Company", "Lightyear_Software_Company\Lightyear_Software_Company.csproj", "{388EF6BC-7BB0-4C09-BEB4-B60578A286E1}"
EndProject
Global
	GlobalSection(SolutionConfigurationPlatforms) = preSolution
		Debug|Any CPU = Debug|Any CPU
		Release|Any CPU = Release|Any CPU
	EndGlobalSection
	GlobalSection(ProjectConfigurationPlatforms) = postSolution
		{388EF6BC-7BB0-4C09-BEB4-B60578A286E1}.Debug|Any CPU.ActiveCfg = Debug|Any CPU
		{388EF6BC-7BB0-4C09-BEB4-B60578A286E1}.Debug|Any CPU.Build.0 = Debug|Any CPU
		{388EF6BC-7BB0-4C09-BEB4-B60578A286E1}.Release|Any CPU.ActiveCfg = Release|Any CPU
		{388EF6BC-7BB0-4C09-BEB4-B60578A286E1}.Release|Any CPU.Build.0 = Release|Any CPU
	EndGlobalSection
	GlobalSection(SolutionProperties) = preSolution
		HideSolutionNode = FALSE
	EndGlobalSection
	GlobalSection(ExtensibilityGlobals) = postSolution
		SolutionGuid = {82345C24-620A-4357-94CB-D3ED47C044DB}
	EndGlobalSection
EndGlobal
